// !$*UTF8*$!
{
	archiveVersion = 1;
	classes = {
	};
	objectVersion = 50;
	objects = {

/* Begin PBXBuildFile section */
		EE8E0FB5257E8DFF00573258 /* AppDelegate.swift in Sources */ = {isa = PBXBuildFile; fileRef = EE8E0FB4257E8DFF00573258 /* AppDelegate.swift */; };
		EE8E0FB7257E8DFF00573258 /* SceneDelegate.swift in Sources */ = {isa = PBXBuildFile; fileRef = EE8E0FB6257E8DFF00573258 /* SceneDelegate.swift */; };
		EE8E0FB9257E8DFF00573258 /* ViewController.swift in Sources */ = {isa = PBXBuildFile; fileRef = EE8E0FB8257E8DFF00573258 /* ViewController.swift */; };
		EE8E0FBC257E8DFF00573258 /* Main.storyboard in Resources */ = {isa = PBXBuildFile; fileRef = EE8E0FBA257E8DFF00573258 /* Main.storyboard */; };
		EE8E0FBE257E8E0100573258 /* Assets.xcassets in Resources */ = {isa = PBXBuildFile; fileRef = EE8E0FBD257E8E0100573258 /* Assets.xcassets */; };
		EE8E0FC1257E8E0100573258 /* LaunchScreen.storyboard in Resources */ = {isa = PBXBuildFile; fileRef = EE8E0FBF257E8E0100573258 /* LaunchScreen.storyboard */; };
		EE8E0FD525819EA900573258 /* ResourceDetails.swift in Sources */ = {isa = PBXBuildFile; fileRef = EE8E0FD425819EA900573258 /* ResourceDetails.swift */; };
/* End PBXBuildFile section */

/* Begin PBXFileReference section */
		EE8E0FB1257E8DFF00573258 /* Jad-Seaidoun_COMP2125-001_Final.app */ = {isa = PBXFileReference; explicitFileType = wrapper.application; includeInIndex = 0; path = "Jad-Seaidoun_COMP2125-001_Final.app"; sourceTree = BUILT_PRODUCTS_DIR; };
		EE8E0FB4257E8DFF00573258 /* AppDelegate.swift */ = {isa = PBXFileReference; lastKnownFileType = sourcecode.swift; path = AppDelegate.swift; sourceTree = "<group>"; };
		EE8E0FB6257E8DFF00573258 /* SceneDelegate.swift */ = {isa = PBXFileReference; lastKnownFileType = sourcecode.swift; path = SceneDelegate.swift; sourceTree = "<group>"; };
		EE8E0FB8257E8DFF00573258 /* ViewController.swift */ = {isa = PBXFileReference; lastKnownFileType = sourcecode.swift; path = ViewController.swift; sourceTree = "<group>"; };
		EE8E0FBB257E8DFF00573258 /* Base */ = {isa = PBXFileReference; lastKnownFileType = file.storyboard; name = Base; path = Base.lproj/Main.storyboard; sourceTree = "<group>"; };
		EE8E0FBD257E8E0100573258 /* Assets.xcassets */ = {isa = PBXFileReference; lastKnownFileType = folder.assetcatalog; path = Assets.xcassets; sourceTree = "<group>"; };
		EE8E0FC0257E8E0100573258 /* Base */ = {isa = PBXFileReference; lastKnownFileType = file.storyboard; name = Base; path = Base.lproj/LaunchScreen.storyboard; sourceTree = "<group>"; };
		EE8E0FC2257E8E0100573258 /* Info.plist */ = {isa = PBXFileReference; lastKnownFileType = text.plist.xml; path = Info.plist; sourceTree = "<group>"; };
		EE8E0FD425819EA900573258 /* ResourceDetails.swift */ = {isa = PBXFileReference; lastKnownFileType = sourcecode.swift; path = ResourceDetails.swift; sourceTree = "<group>"; };
/* End PBXFileReference section */

/* Begin PBXFrameworksBuildPhase section */
		EE8E0FAE257E8DFF00573258 /* Frameworks */ = {
			isa = PBXFrameworksBuildPhase;
			buildActionMask = 2147483647;
			files = (
			);
			runOnlyForDeploymentPostprocessing = 0;
		};
/* End PBXFrameworksBuildPhase section */

/* Begin PBXGroup section */
		EE8E0FA8257E8DFE00573258 = {
			isa = PBXGroup;
			children = (
				EE8E0FB3257E8DFF00573258 /* Jad-Seaidoun_COMP2125-001_Final */,
				EE8E0FB2257E8DFF00573258 /* Products */,
			);
			sourceTree = "<group>";
		};
		EE8E0FB2257E8DFF00573258 /* Products */ = {
			isa = PBXGroup;
			children = (
				EE8E0FB1257E8DFF00573258 /* Jad-Seaidoun_COMP2125-001_Final.app */,
			);
			name = Products;
			sourceTree = "<group>";
		};
		EE8E0FB3257E8DFF00573258 /* Jad-Seaidoun_COMP2125-001_Final */ = {
			isa = PBXGroup;
			children = (
				EE8E0FB4257E8DFF00573258 /* AppDelegate.swift */,
				EE8E0FB6257E8DFF00573258 /* SceneDelegate.swift */,
				EE8E0FB8257E8DFF00573258 /* ViewController.swift */,
				EE8E0FBA257E8DFF00573258 /* Main.storyboard */,
				EE8E0FBD257E8E0100573258 /* Assets.xcassets */,
				EE8E0FBF257E8E0100573258 /* LaunchScreen.storyboard */,
				EE8E0FC2257E8E0100573258 /* Info.plist */,
				EE8E0FD425819EA900573258 /* ResourceDetails.swift */,
			);
			path = "Jad-Seaidoun_COMP2125-001_Final";
			sourceTree = "<group>";
		};
/* End PBXGroup section */

/* Begin PBXNativeTarget section */
		EE8E0FB0257E8DFF00573258 /* Jad-Seaidoun_COMP2125-001_Final */ = {
			isa = PBXNativeTarget;
			buildConfigurationList = EE8E0FC5257E8E0100573258 /* Build configuration list for PBXNativeTarget "Jad-Seaidoun_COMP2125-001_Final" */;
			buildPhases = (
				EE8E0FAD257E8DFF00573258 /* Sources */,
				EE8E0FAE257E8DFF00573258 /* Frameworks */,
				EE8E0FAF257E8DFF00573258 /* Resources */,
			);
			buildRules = (
			);
			dependencies = (
			);
			name = "Jad-Seaidoun_COMP2125-001_Final";
			productName = "Jad-Seaidoun_COMP2125-001_Final";
			productReference = EE8E0FB1257E8DFF00573258 /* Jad-Seaidoun_COMP2125-001_Final.app */;
			productType = "com.apple.product-type.application";
		};
/* End PBXNativeTarget section */

/* Begin PBXProject section */
		EE8E0FA9257E8DFF00573258 /* Project object */ = {
			isa = PBXProject;
			attributes = {
				LastSwiftUpdateCheck = 1200;
				LastUpgradeCheck = 1200;
				TargetAttributes = {
					EE8E0FB0257E8DFF00573258 = {
						CreatedOnToolsVersion = 12.0;
					};
				};
			};
			buildConfigurationList = EE8E0FAC257E8DFF00573258 /* Build configuration list for PBXProject "Jad-Seaidoun_COMP2125-001_Final" */;
			compatibilityVersion = "Xcode 9.3";
			developmentRegion = en;
			hasScannedForEncodings = 0;
			knownRegions = (
				en,
				Base,
			);
			mainGroup = EE8E0FA8257E8DFE00573258;
			productRefGroup = EE8E0FB2257E8DFF00573258 /* Products */;
			projectDirPath = "";
			projectRoot = "";
			targets = (
				EE8E0FB0257E8DFF00573258 /* Jad-Seaidoun_COMP2125-001_Final */,
			);
		};
/* End PBXProject section */

/* Begin PBXResourcesBuildPhase section */
		EE8E0FAF257E8DFF00573258 /* Resources */ = {
			isa = PBXResourcesBuildPhase;
			buildActionMask = 2147483647;
			files = (
				EE8E0FC1257E8E0100573258 /* LaunchScreen.storyboard in Resources */,
				EE8E0FBE257E8E0100573258 /* Assets.xcassets in Resources */,
				EE8E0FBC257E8DFF00573258 /* Main.storyboard in Resources */,
			);
			runOnlyForDeploymentPostprocessing = 0;
		};
/* End PBXResourcesBuildPhase section */

/* Begin PBXSourcesBuildPhase section */
		EE8E0FAD257E8DFF00573258 /* Sources */ = {
			isa = PBXSourcesBuildPhase;
			buildActionMask = 2147483647;
			files = (
				EE8E0FB9257E8DFF00573258 /* ViewController.swift in Sources */,
				EE8E0FB5257E8DFF00573258 /* AppDelegate.swift in Sources */,
				EE8E0FD525819EA900573258 /* ResourceDetails.swift in Sources */,
				EE8E0FB7257E8DFF00573258 /* SceneDelegate.swift in Sources */,
			);
			runOnlyForDeploymentPostprocessing = 0;
		};
/* End PBXSourcesBuildPhase section */

/* Begin PBXVariantGroup section */
		EE8E0FBA257E8DFF00573258 /* Main.storyboard */ = {
			isa = PBXVariantGroup;
			children = (
				EE8E0FBB257E8DFF00573258 /* Base */,
			);
			name = Main.storyboard;
			sourceTree = "<group>";
		};
		EE8E0FBF257E8E0100573258 /* LaunchScreen.storyboard */ = {
			isa = PBXVariantGroup;
			children = (
				EE8E0FC0257E8E0100573258 /* Base */,
			);
			name = LaunchScreen.storyboard;
			sourceTree = "<group>";
		};
/* End PBXVariantGroup section */

/* Begin XCBuildConfiguration section */
		EE8E0FC3257E8E0100573258 /* Debug */ = {
			isa = XCBuildConfiguration;
			buildSettings = {
				ALWAYS_SEARCH_USER_PATHS = NO;
				CLANG_ANALYZER_NONNULL = YES;
				CLANG_ANALYZER_NUMBER_OBJECT_CONVERSION = YES_AGGRESSIVE;
				CLANG_CXX_LANGUAGE_STANDARD = "gnu++14";
				CLANG_CXX_LIBRARY = "libc++";
				CLANG_ENABLE_MODULES = YES;
				CLANG_ENABLE_OBJC_ARC = YES;
				CLANG_ENABLE_OBJC_WEAK = YES;
				CLANG_WARN_BLOCK_CAPTURE_AUTORELEASING = YES;
				CLANG_WARN_BOOL_CONVERSION = YES;
				CLANG_WARN_COMMA = YES;
				CLANG_WARN_CONSTANT_CONVERSION = YES;
				CLANG_WARN_DEPRECATED_OBJC_IMPLEMENTATIONS = YES;
				CLANG_WARN_DIRECT_OBJC_ISA_USAGE = YES_ERROR;
				CLANG_WARN_DOCUMENTATION_COMMENTS = YES;
				CLANG_WARN_EMPTY_BODY = YES;
				CLANG_WARN_ENUM_CONVERSION = YES;
				CLANG_WARN_INFINITE_RECURSION = YES;
				CLANG_WARN_INT_CONVERSION = YES;
				CLANG_WARN_NON_LITERAL_NULL_CONVERSION = YES;
				CLANG_WARN_OBJC_IMPLICIT_RETAIN_SELF = YES;
				CLANG_WARN_OBJC_LITERAL_CONVERSION = YES;
				CLANG_WARN_OBJC_ROOT_CLASS = YES_ERROR;
				CLANG_WARN_QUOTED_INCLUDE_IN_FRAMEWORK_HEADER = YES;
				CLANG_WARN_RANGE_LOOP_ANALYSIS = YES;
				CLANG_WARN_STRICT_PROTOTYPES = YES;
				CLANG_WARN_SUSPICIOUS_MOVE = YES;
				CLANG_WARN_UNGUARDED_AVAILABILITY = YES_AGGRESSIVE;
				CLANG_WARN_UNREACHABLE_CODE = YES;
				CLANG_WARN__DUPLICATE_METHOD_MATCH = YES;
				COPY_PHASE_STRIP = NO;
				DEBUG_INFORMATION_FORMAT = dwarf;
				ENABLE_STRICT_OBJC_MSGSEND = YES;
				ENABLE_TESTABILITY = YES;
				GCC_C_LANGUAGE_STANDARD = gnu11;
				GCC_DYNAMIC_NO_PIC = NO;
				GCC_NO_COMMON_BLOCKS = YES;
				GCC_OPTIMIZATION_LEVEL = 0;
				GCC_PREPROCESSOR_DEFINITIONS = (
					"DEBUG=1",
					"$(inherited)",
				);
				GCC_WARN_64_TO_32_BIT_CONVERSION = YES;
				GCC_WARN_ABOUT_RETURN_TYPE = YES_ERROR;
				GCC_WARN_UNDECLARED_SELECTOR = YES;
				GCC_WARN_UNINITIALIZED_AUTOS = YES_AGGRESSIVE;
				GCC_WARN_UNUSED_FUNCTION = YES;
				GCC_WARN_UNUSED_VARIABLE = YES;
				IPHONEOS_DEPLOYMENT_TARGET = 14.0;
				MTL_ENABLE_DEBUG_INFO = INCLUDE_SOURCE;
				MTL_FAST_MATH = YES;
				ONLY_ACTIVE_ARCH = YES;
				SDKROOT = iphoneos;
				SWIFT_ACTIVE_COMPILATION_CONDITIONS = DEBUG;
				SWIFT_OPTIMIZATION_LEVEL = "-Onone";
			};
			name = Debug;
		};
		EE8E0FC4257E8E0100573258 /* Release */ = {
			isa = XCBuildConfiguration;
			buildSettings = {
				ALWAYS_SEARCH_USER_PATHS = NO;
				CLANG_ANALYZER_NONNULL = YES;
				CLANG_ANALYZER_NUMBER_OBJECT_CONVERSION = YES_AGGRESSIVE;
				CLANG_CXX_LANGUAGE_STANDARD = "gnu++14";
				CLANG_CXX_LIBRARY = "libc++";
				CLANG_ENABLE_MODULES = YES;
				CLANG_ENABLE_OBJC_ARC = YES;
				CLANG_ENABLE_OBJC_WEAK = YES;
				CLANG_WARN_BLOCK_CAPTURE_AUTORELEASING = YES;
				CLANG_WARN_BOOL_CONVERSION = YES;
				CLANG_WARN_COMMA = YES;
				CLANG_WARN_CONSTANT_CONVERSION = YES;
				CLANG_WARN_DEPRECATED_OBJC_IMPLEMENTATIONS = YES;
				CLANG_WARN_DIRECT_OBJC_ISA_USAGE = YES_ERROR;
				CLANG_WARN_DOCUMENTATION_COMMENTS = YES;
				CLANG_WARN_EMPTY_BODY = YES;
				CLANG_WARN_ENUM_CONVERSION = YES;
				CLANG_WARN_INFINITE_RECURSION = YES;
				CLANG_WARN_INT_CONVERSION = YES;
				CLANG_WARN_NON_LITERAL_NULL_CONVERSION = YES;
				CLANG_WARN_OBJC_IMPLICIT_RETAIN_SELF = YES;
				CLANG_WARN_OBJC_LITERAL_CONVERSION = YES;
				CLANG_WARN_OBJC_ROOT_CLASS = YES_ERROR;
				CLANG_WARN_QUOTED_INCLUDE_IN_FRAMEWORK_HEADER = YES;
				CLANG_WARN_RANGE_LOOP_ANALYSIS = YES;
				CLANG_WARN_STRICT_PROTOTYPES = YES;
				CLANG_WARN_SUSPICIOUS_MOVE = YES;
				CLANG_WARN_UNGUARDED_AVAILABILITY = YES_AGGRESSIVE;
				CLANG_WARN_UNREACHABLE_CODE = YES;
				CLANG_WARN__DUPLICATE_METHOD_MATCH = YES;
				COPY_PHASE_STRIP = NO;
				DEBUG_INFORMATION_FORMAT = "dwarf-with-dsym";
				ENABLE_NS_ASSERTIONS = NO;
				ENABLE_STRICT_OBJC_MSGSEND = YES;
				GCC_C_LANGUAGE_STANDARD = gnu11;
				GCC_NO_COMMON_BLOCKS = YES;
				GCC_WARN_64_TO_32_BIT_CONVERSION = YES;
				GCC_WARN_ABOUT_RETURN_TYPE = YES_ERROR;
				GCC_WARN_UNDECLARED_SELECTOR = YES;
				GCC_WARN_UNINITIALIZED_AUTOS = YES_AGGRESSIVE;
				GCC_WARN_UNUSED_FUNCTION = YES;
				GCC_WARN_UNUSED_VARIABLE = YES;
				IPHONEOS_DEPLOYMENT_TARGET = 14.0;
				MTL_ENABLE_DEBUG_INFO = NO;
				MTL_FAST_MATH = YES;
				SDKROOT = iphoneos;
				SWIFT_COMPILATION_MODE = wholemodule;
				SWIFT_OPTIMIZATION_LEVEL = "-O";
				VALIDATE_PRODUCT = YES;
			};
			name = Release;
		};
		EE8E0FC6257E8E0100573258 /* Debug */ = {
			isa = XCBuildConfiguration;
			buildSettings = {
				ASSETCATALOG_COMPILER_APPICON_NAME = AppIcon;
				ASSETCATALOG_COMPILER_GLOBAL_ACCENT_COLOR_NAME = AccentColor;
				CODE_SIGN_STYLE = Automatic;
				INFOPLIST_FILE = "Jad-Seaidoun_COMP2125-001_Final/Info.plist";
				LD_RUNPATH_SEARCH_PATHS = (
					"$(inherited)",
					"@executable_path/Frameworks",
				);
				PRODUCT_BUNDLE_IDENTIFIER = "georgianc.Jad-Seaidoun-COMP2125-001-Final";
				PRODUCT_NAME = "$(TARGET_NAME)";
				SWIFT_VERSION = 5.0;
				TARGETED_DEVICE_FAMILY = "1,2";
			};
			name = Debug;
		};
		EE8E0FC7257E8E0100573258 /* Release */ = {
			isa = XCBuildConfiguration;
			buildSettings = {
				ASSETCATALOG_COMPILER_APPICON_NAME = AppIcon;
				ASSETCATALOG_COMPILER_GLOBAL_ACCENT_COLOR_NAME = AccentColor;
				CODE_SIGN_STYLE = Automatic;
				INFOPLIST_FILE = "Jad-Seaidoun_COMP2125-001_Final/Info.plist";
				LD_RUNPATH_SEARCH_PATHS = (
					"$(inherited)",
					"@executable_path/Frameworks",
				);
				PRODUCT_BUNDLE_IDENTIFIER = "georgianc.Jad-Seaidoun-COMP2125-001-Final";
				PRODUCT_NAME = "$(TARGET_NAME)";
				SWIFT_VERSION = 5.0;
				TARGETED_DEVICE_FAMILY = "1,2";
			};
			name = Release;
		};
/* End XCBuildConfiguration section */

/* Begin XCConfigurationList section */
		EE8E0FAC257E8DFF00573258 /* Build configuration list for PBXProject "Jad-Seaidoun_COMP2125-001_Final" */ = {
			isa = XCConfigurationList;
			buildConfigurations = (
				EE8E0FC3257E8E0100573258 /* Debug */,
				EE8E0FC4257E8E0100573258 /* Release */,
			);
			defaultConfigurationIsVisible = 0;
			defaultConfigurationName = Release;
		};
		EE8E0FC5257E8E0100573258 /* Build configuration list for PBXNativeTarget "Jad-Seaidoun_COMP2125-001_Final" */ = {
			isa = XCConfigurationList;
			buildConfigurations = (
				EE8E0FC6257E8E0100573258 /* Debug */,
				EE8E0FC7257E8E0100573258 /* Release */,
			);
			defaultConfigurationIsVisible = 0;
			defaultConfigurationName = Release;
		};
/* End XCConfigurationList section */
	};
	rootObject = EE8E0FA9257E8DFF00573258 /* Project object */;
}
